
Microsoft Visual Studio Solution File, Format Version 12.00
# Visual Studio 15
VisualStudioVersion = 15.0.28010.2036
MinimumVisualStudioVersion = 10.0.40219.1
Project("{2150E333-8FDC-42A3-9474-1A3956D46DE8}") = "1 - Application", "1 - Application", "{8B80FE96-2C27-400E-BDA2-A4E46C66EA41}"
EndProject
Project("{2150E333-8FDC-42A3-9474-1A3956D46DE8}") = "2 - Domain", "2 - Domain", "{42401350-15CE-462D-AD28-42E6B52EFE3D}"
EndProject
Project("{2150E333-8FDC-42A3-9474-1A3956D46DE8}") = "3 - Service", "3 - Service", "{14E82C88-F38D-4144-A493-68AD24539B08}"
EndProject
Project("{2150E333-8FDC-42A3-9474-1A3956D46DE8}") = "4 - Infra", "4 - Infra", "{D75A320F-1773-4C76-AE4A-D8E433BAA5D1}"
EndProject
Project("{2150E333-8FDC-42A3-9474-1A3956D46DE8}") = "4.1 - Data", "4.1 - Data", "{A9502B14-60EF-4C4E-917E-687730C460AC}"
EndProject
Project("{2150E333-8FDC-42A3-9474-1A3956D46DE8}") = "4.2 - CrossCutting", "4.2 - CrossCutting", "{BD2BAC15-FDE3-43F1-B000-0EAB11F8A0A8}"
EndProject
Project("{9A19103F-16F7-4668-BE54-9A1E7A4F7556}") = "Domain", "Domain\Domain.csproj", "{0BAA717B-4524-4981-81A3-C16EE0D0E6F6}"
EndProject
Project("{9A19103F-16F7-4668-BE54-9A1E7A4F7556}") = "Service", "Service\Service.csproj", "{62277EFD-AC41-4DD9-B2A9-A2624908A42B}"
EndProject
Project("{9A19103F-16F7-4668-BE54-9A1E7A4F7556}") = "Data", "Data\Data.csproj", "{32F81936-C68C-45F4-9688-CDDA08A9BC8E}"
EndProject
Project("{9A19103F-16F7-4668-BE54-9A1E7A4F7556}") = "CrossCutting", "CrossCutting\CrossCutting.csproj", "{C95E6095-7D66-45D9-B20D-F7010B2CC58B}"
EndProject
Project("{FAE04EC0-301F-11D3-BF4B-00C04F79EFBC}") = "Application", "Application\Application.csproj", "{7C0F9338-DAAC-4FB6-9716-72F65D9E3B08}"
EndProject
Global
	GlobalSection(SolutionConfigurationPlatforms) = preSolution
		Debug|Any CPU = Debug|Any CPU
		Release|Any CPU = Release|Any CPU
	EndGlobalSection
	GlobalSection(ProjectConfigurationPlatforms) = postSolution
		{0BAA717B-4524-4981-81A3-C16EE0D0E6F6}.Debug|Any CPU.ActiveCfg = Debug|Any CPU
		{0BAA717B-4524-4981-81A3-C16EE0D0E6F6}.Debug|Any CPU.Build.0 = Debug|Any CPU
		{0BAA717B-4524-4981-81A3-C16EE0D0E6F6}.Release|Any CPU.ActiveCfg = Release|Any CPU
		{0BAA717B-4524-4981-81A3-C16EE0D0E6F6}.Release|Any CPU.Build.0 = Release|Any CPU
		{62277EFD-AC41-4DD9-B2A9-A2624908A42B}.Debug|Any CPU.ActiveCfg = Debug|Any CPU
		{62277EFD-AC41-4DD9-B2A9-A2624908A42B}.Debug|Any CPU.Build.0 = Debug|Any CPU
		{62277EFD-AC41-4DD9-B2A9-A2624908A42B}.Release|Any CPU.ActiveCfg = Release|Any CPU
		{62277EFD-AC41-4DD9-B2A9-A2624908A42B}.Release|Any CPU.Build.0 = Release|Any CPU
		{32F81936-C68C-45F4-9688-CDDA08A9BC8E}.Debug|Any CPU.ActiveCfg = Debug|Any CPU
		{32F81936-C68C-45F4-9688-CDDA08A9BC8E}.Debug|Any CPU.Build.0 = Debug|Any CPU
		{32F81936-C68C-45F4-9688-CDDA08A9BC8E}.Release|Any CPU.ActiveCfg = Release|Any CPU
		{32F81936-C68C-45F4-9688-CDDA08A9BC8E}.Release|Any CPU.Build.0 = Release|Any CPU
		{C95E6095-7D66-45D9-B20D-F7010B2CC58B}.Debug|Any CPU.ActiveCfg = Debug|Any CPU
		{C95E6095-7D66-45D9-B20D-F7010B2CC58B}.Debug|Any CPU.Build.0 = Debug|Any CPU
		{C95E6095-7D66-45D9-B20D-F7010B2CC58B}.Release|Any CPU.ActiveCfg = Release|Any CPU
		{C95E6095-7D66-45D9-B20D-F7010B2CC58B}.Release|Any CPU.Build.0 = Release|Any CPU
		{7C0F9338-DAAC-4FB6-9716-72F65D9E3B08}.Debug|Any CPU.ActiveCfg = Debug|Any CPU
		{7C0F9338-DAAC-4FB6-9716-72F65D9E3B08}.Debug|Any CPU.Build.0 = Debug|Any CPU
		{7C0F9338-DAAC-4FB6-9716-72F65D9E3B08}.Release|Any CPU.ActiveCfg = Release|Any CPU
		{7C0F9338-DAAC-4FB6-9716-72F65D9E3B08}.Release|Any CPU.Build.0 = Release|Any CPU
	EndGlobalSection
	GlobalSection(SolutionProperties) = preSolution
		HideSolutionNode = FALSE
	EndGlobalSection
	GlobalSection(NestedProjects) = preSolution
		{A9502B14-60EF-4C4E-917E-687730C460AC} = {D75A320F-1773-4C76-AE4A-D8E433BAA5D1}
		{BD2BAC15-FDE3-43F1-B000-0EAB11F8A0A8} = {D75A320F-1773-4C76-AE4A-D8E433BAA5D1}
		{0BAA717B-4524-4981-81A3-C16EE0D0E6F6} = {42401350-15CE-462D-AD28-42E6B52EFE3D}
		{62277EFD-AC41-4DD9-B2A9-A2624908A42B} = {14E82C88-F38D-4144-A493-68AD24539B08}
		{32F81936-C68C-45F4-9688-CDDA08A9BC8E} = {A9502B14-60EF-4C4E-917E-687730C460AC}
		{C95E6095-7D66-45D9-B20D-F7010B2CC58B} = {BD2BAC15-FDE3-43F1-B000-0EAB11F8A0A8}
		{7C0F9338-DAAC-4FB6-9716-72F65D9E3B08} = {8B80FE96-2C27-400E-BDA2-A4E46C66EA41}
	EndGlobalSection
	GlobalSection(ExtensibilityGlobals) = postSolution
		SolutionGuid = {C764C271-8DCE-468C-9CD3-D22D954975C5}
	EndGlobalSection
EndGlobal
